// !$*UTF8*$!
{
	archiveVersion = 1;
	classes = {
	};
	objectVersion = 50;
	objects = {

/* Begin PBXBuildFile section */
		4067585F24E4B33B00A3A16F /* UIViewController+Alert.swift in Sources */ = {isa = PBXBuildFile; fileRef = 4067585E24E4B33B00A3A16F /* UIViewController+Alert.swift */; };
		A33B878B24E00F24009AD1F9 /* AppDelegate.swift in Sources */ = {isa = PBXBuildFile; fileRef = A33B878A24E00F24009AD1F9 /* AppDelegate.swift */; };
		A33B878D24E00F24009AD1F9 /* SceneDelegate.swift in Sources */ = {isa = PBXBuildFile; fileRef = A33B878C24E00F24009AD1F9 /* SceneDelegate.swift */; };
		A33B879224E00F24009AD1F9 /* Main.storyboard in Resources */ = {isa = PBXBuildFile; fileRef = A33B879024E00F24009AD1F9 /* Main.storyboard */; };
		A33B879424E00F25009AD1F9 /* Assets.xcassets in Resources */ = {isa = PBXBuildFile; fileRef = A33B879324E00F25009AD1F9 /* Assets.xcassets */; };
		A33B879724E00F25009AD1F9 /* LaunchScreen.storyboard in Resources */ = {isa = PBXBuildFile; fileRef = A33B879524E00F25009AD1F9 /* LaunchScreen.storyboard */; };
		A33B879F24E01079009AD1F9 /* MemoListTableViewController.swift in Sources */ = {isa = PBXBuildFile; fileRef = A33B879E24E01078009AD1F9 /* MemoListTableViewController.swift */; };
		A33B87A224E0113C009AD1F9 /* Model.swift in Sources */ = {isa = PBXBuildFile; fileRef = A33B87A124E0113C009AD1F9 /* Model.swift */; };
		A3B4097324E41AAA002735A1 /* ComposeViewController.swift in Sources */ = {isa = PBXBuildFile; fileRef = A3B4097224E41AAA002735A1 /* ComposeViewController.swift */; };
/* End PBXBuildFile section */

/* Begin PBXFileReference section */
		4067585E24E4B33B00A3A16F /* UIViewController+Alert.swift */ = {isa = PBXFileReference; lastKnownFileType = sourcecode.swift; path = "UIViewController+Alert.swift"; sourceTree = "<group>"; };
		A33B878724E00F24009AD1F9 /* memo_0809.app */ = {isa = PBXFileReference; explicitFileType = wrapper.application; includeInIndex = 0; path = memo_0809.app; sourceTree = BUILT_PRODUCTS_DIR; };
		A33B878A24E00F24009AD1F9 /* AppDelegate.swift */ = {isa = PBXFileReference; lastKnownFileType = sourcecode.swift; path = AppDelegate.swift; sourceTree = "<group>"; };
		A33B878C24E00F24009AD1F9 /* SceneDelegate.swift */ = {isa = PBXFileReference; lastKnownFileType = sourcecode.swift; path = SceneDelegate.swift; sourceTree = "<group>"; };
		A33B879124E00F24009AD1F9 /* Base */ = {isa = PBXFileReference; lastKnownFileType = file.storyboard; name = Base; path = Base.lproj/Main.storyboard; sourceTree = "<group>"; };
		A33B879324E00F25009AD1F9 /* Assets.xcassets */ = {isa = PBXFileReference; lastKnownFileType = folder.assetcatalog; path = Assets.xcassets; sourceTree = "<group>"; };
		A33B879624E00F25009AD1F9 /* Base */ = {isa = PBXFileReference; lastKnownFileType = file.storyboard; name = Base; path = Base.lproj/LaunchScreen.storyboard; sourceTree = "<group>"; };
		A33B879824E00F25009AD1F9 /* Info.plist */ = {isa = PBXFileReference; lastKnownFileType = text.plist.xml; path = Info.plist; sourceTree = "<group>"; };
		A33B879E24E01078009AD1F9 /* MemoListTableViewController.swift */ = {isa = PBXFileReference; lastKnownFileType = sourcecode.swift; path = MemoListTableViewController.swift; sourceTree = "<group>"; };
		A33B87A124E0113C009AD1F9 /* Model.swift */ = {isa = PBXFileReference; lastKnownFileType = sourcecode.swift; path = Model.swift; sourceTree = "<group>"; };
		A3B4097224E41AAA002735A1 /* ComposeViewController.swift */ = {isa = PBXFileReference; lastKnownFileType = sourcecode.swift; path = ComposeViewController.swift; sourceTree = "<group>"; };
/* End PBXFileReference section */

/* Begin PBXFrameworksBuildPhase section */
		A33B878424E00F24009AD1F9 /* Frameworks */ = {
			isa = PBXFrameworksBuildPhase;
			buildActionMask = 2147483647;
			files = (
			);
			runOnlyForDeploymentPostprocessing = 0;
		};
/* End PBXFrameworksBuildPhase section */

/* Begin PBXGroup section */
		A33B877E24E00F24009AD1F9 = {
			isa = PBXGroup;
			children = (
				A33B878924E00F24009AD1F9 /* memo_0809 */,
				A33B878824E00F24009AD1F9 /* Products */,
			);
			sourceTree = "<group>";
		};
		A33B878824E00F24009AD1F9 /* Products */ = {
			isa = PBXGroup;
			children = (
				A33B878724E00F24009AD1F9 /* memo_0809.app */,
			);
			name = Products;
			sourceTree = "<group>";
		};
		A33B878924E00F24009AD1F9 /* memo_0809 */ = {
			isa = PBXGroup;
			children = (
				A33B87A024E01112009AD1F9 /* Model */,
				A33B878A24E00F24009AD1F9 /* AppDelegate.swift */,
				A33B878C24E00F24009AD1F9 /* SceneDelegate.swift */,
				A33B879024E00F24009AD1F9 /* Main.storyboard */,
				A33B879324E00F25009AD1F9 /* Assets.xcassets */,
				A33B879524E00F25009AD1F9 /* LaunchScreen.storyboard */,
				A33B879824E00F25009AD1F9 /* Info.plist */,
				A33B879E24E01078009AD1F9 /* MemoListTableViewController.swift */,
				A3B4097224E41AAA002735A1 /* ComposeViewController.swift */,
				4067585E24E4B33B00A3A16F /* UIViewController+Alert.swift */,
			);
			path = memo_0809;
			sourceTree = "<group>";
		};
		A33B87A024E01112009AD1F9 /* Model */ = {
			isa = PBXGroup;
			children = (
				A33B87A124E0113C009AD1F9 /* Model.swift */,
			);
			path = Model;
			sourceTree = "<group>";
		};
/* End PBXGroup section */

/* Begin PBXNativeTarget section */
		A33B878624E00F24009AD1F9 /* memo_0809 */ = {
			isa = PBXNativeTarget;
			buildConfigurationList = A33B879B24E00F25009AD1F9 /* Build configuration list for PBXNativeTarget "memo_0809" */;
			buildPhases = (
				A33B878324E00F24009AD1F9 /* Sources */,
				A33B878424E00F24009AD1F9 /* Frameworks */,
				A33B878524E00F24009AD1F9 /* Resources */,
			);
			buildRules = (
			);
			dependencies = (
			);
			name = memo_0809;
			productName = memo_0809;
			productReference = A33B878724E00F24009AD1F9 /* memo_0809.app */;
			productType = "com.apple.product-type.application";
		};
/* End PBXNativeTarget section */

/* Begin PBXProject section */
		A33B877F24E00F24009AD1F9 /* Project object */ = {
			isa = PBXProject;
			attributes = {
				LastSwiftUpdateCheck = 1160;
				LastUpgradeCheck = 1160;
				ORGANIZATIONNAME = kakao;
				TargetAttributes = {
					A33B878624E00F24009AD1F9 = {
						CreatedOnToolsVersion = 11.6;
					};
				};
			};
			buildConfigurationList = A33B878224E00F24009AD1F9 /* Build configuration list for PBXProject "memo_0809" */;
			compatibilityVersion = "Xcode 9.3";
			developmentRegion = en;
			hasScannedForEncodings = 0;
			knownRegions = (
				en,
				Base,
			);
			mainGroup = A33B877E24E00F24009AD1F9;
			productRefGroup = A33B878824E00F24009AD1F9 /* Products */;
			projectDirPath = "";
			projectRoot = "";
			targets = (
				A33B878624E00F24009AD1F9 /* memo_0809 */,
			);
		};
/* End PBXProject section */

/* Begin PBXResourcesBuildPhase section */
		A33B878524E00F24009AD1F9 /* Resources */ = {
			isa = PBXResourcesBuildPhase;
			buildActionMask = 2147483647;
			files = (
				A33B879724E00F25009AD1F9 /* LaunchScreen.storyboard in Resources */,
				A33B879424E00F25009AD1F9 /* Assets.xcassets in Resources */,
				A33B879224E00F24009AD1F9 /* Main.storyboard in Resources */,
			);
			runOnlyForDeploymentPostprocessing = 0;
		};
/* End PBXResourcesBuildPhase section */

/* Begin PBXSourcesBuildPhase section */
		A33B878324E00F24009AD1F9 /* Sources */ = {
			isa = PBXSourcesBuildPhase;
			buildActionMask = 2147483647;
			files = (
				A3B4097324E41AAA002735A1 /* ComposeViewController.swift in Sources */,
				A33B87A224E0113C009AD1F9 /* Model.swift in Sources */,
				A33B878B24E00F24009AD1F9 /* AppDelegate.swift in Sources */,
				4067585F24E4B33B00A3A16F /* UIViewController+Alert.swift in Sources */,
				A33B878D24E00F24009AD1F9 /* SceneDelegate.swift in Sources */,
				A33B879F24E01079009AD1F9 /* MemoListTableViewController.swift in Sources */,
			);
			runOnlyForDeploymentPostprocessing = 0;
		};
/* End PBXSourcesBuildPhase section */

/* Begin PBXVariantGroup section */
		A33B879024E00F24009AD1F9 /* Main.storyboard */ = {
			isa = PBXVariantGroup;
			children = (
				A33B879124E00F24009AD1F9 /* Base */,
			);
			name = Main.storyboard;
			sourceTree = "<group>";
		};
		A33B879524E00F25009AD1F9 /* LaunchScreen.storyboard */ = {
			isa = PBXVariantGroup;
			children = (
				A33B879624E00F25009AD1F9 /* Base */,
			);
			name = LaunchScreen.storyboard;
			sourceTree = "<group>";
		};
/* End PBXVariantGroup section */

/* Begin XCBuildConfiguration section */
		A33B879924E00F25009AD1F9 /* Debug */ = {
			isa = XCBuildConfiguration;
			buildSettings = {
				ALWAYS_SEARCH_USER_PATHS = NO;
				CLANG_ANALYZER_NONNULL = YES;
				CLANG_ANALYZER_NUMBER_OBJECT_CONVERSION = YES_AGGRESSIVE;
				CLANG_CXX_LANGUAGE_STANDARD = "gnu++14";
				CLANG_CXX_LIBRARY = "libc++";
				CLANG_ENABLE_MODULES = YES;
				CLANG_ENABLE_OBJC_ARC = YES;
				CLANG_ENABLE_OBJC_WEAK = YES;
				CLANG_WARN_BLOCK_CAPTURE_AUTORELEASING = YES;
				CLANG_WARN_BOOL_CONVERSION = YES;
				CLANG_WARN_COMMA = YES;
				CLANG_WARN_CONSTANT_CONVERSION = YES;
				CLANG_WARN_DEPRECATED_OBJC_IMPLEMENTATIONS = YES;
				CLANG_WARN_DIRECT_OBJC_ISA_USAGE = YES_ERROR;
				CLANG_WARN_DOCUMENTATION_COMMENTS = YES;
				CLANG_WARN_EMPTY_BODY = YES;
				CLANG_WARN_ENUM_CONVERSION = YES;
				CLANG_WARN_INFINITE_RECURSION = YES;
				CLANG_WARN_INT_CONVERSION = YES;
				CLANG_WARN_NON_LITERAL_NULL_CONVERSION = YES;
				CLANG_WARN_OBJC_IMPLICIT_RETAIN_SELF = YES;
				CLANG_WARN_OBJC_LITERAL_CONVERSION = YES;
				CLANG_WARN_OBJC_ROOT_CLASS = YES_ERROR;
				CLANG_WARN_RANGE_LOOP_ANALYSIS = YES;
				CLANG_WARN_STRICT_PROTOTYPES = YES;
				CLANG_WARN_SUSPICIOUS_MOVE = YES;
				CLANG_WARN_UNGUARDED_AVAILABILITY = YES_AGGRESSIVE;
				CLANG_WARN_UNREACHABLE_CODE = YES;
				CLANG_WARN__DUPLICATE_METHOD_MATCH = YES;
				COPY_PHASE_STRIP = NO;
				DEBUG_INFORMATION_FORMAT = dwarf;
				ENABLE_STRICT_OBJC_MSGSEND = YES;
				ENABLE_TESTABILITY = YES;
				GCC_C_LANGUAGE_STANDARD = gnu11;
				GCC_DYNAMIC_NO_PIC = NO;
				GCC_NO_COMMON_BLOCKS = YES;
				GCC_OPTIMIZATION_LEVEL = 0;
				GCC_PREPROCESSOR_DEFINITIONS = (
					"DEBUG=1",
					"$(inherited)",
				);
				GCC_WARN_64_TO_32_BIT_CONVERSION = YES;
				GCC_WARN_ABOUT_RETURN_TYPE = YES_ERROR;
				GCC_WARN_UNDECLARED_SELECTOR = YES;
				GCC_WARN_UNINITIALIZED_AUTOS = YES_AGGRESSIVE;
				GCC_WARN_UNUSED_FUNCTION = YES;
				GCC_WARN_UNUSED_VARIABLE = YES;
				IPHONEOS_DEPLOYMENT_TARGET = 13.6;
				MTL_ENABLE_DEBUG_INFO = INCLUDE_SOURCE;
				MTL_FAST_MATH = YES;
				ONLY_ACTIVE_ARCH = YES;
				SDKROOT = iphoneos;
				SWIFT_ACTIVE_COMPILATION_CONDITIONS = DEBUG;
				SWIFT_OPTIMIZATION_LEVEL = "-Onone";
			};
			name = Debug;
		};
		A33B879A24E00F25009AD1F9 /* Release */ = {
			isa = XCBuildConfiguration;
			buildSettings = {
				ALWAYS_SEARCH_USER_PATHS = NO;
				CLANG_ANALYZER_NONNULL = YES;
				CLANG_ANALYZER_NUMBER_OBJECT_CONVERSION = YES_AGGRESSIVE;
				CLANG_CXX_LANGUAGE_STANDARD = "gnu++14";
				CLANG_CXX_LIBRARY = "libc++";
				CLANG_ENABLE_MODULES = YES;
				CLANG_ENABLE_OBJC_ARC = YES;
				CLANG_ENABLE_OBJC_WEAK = YES;
				CLANG_WARN_BLOCK_CAPTURE_AUTORELEASING = YES;
				CLANG_WARN_BOOL_CONVERSION = YES;
				CLANG_WARN_COMMA = YES;
				CLANG_WARN_CONSTANT_CONVERSION = YES;
				CLANG_WARN_DEPRECATED_OBJC_IMPLEMENTATIONS = YES;
				CLANG_WARN_DIRECT_OBJC_ISA_USAGE = YES_ERROR;
				CLANG_WARN_DOCUMENTATION_COMMENTS = YES;
				CLANG_WARN_EMPTY_BODY = YES;
				CLANG_WARN_ENUM_CONVERSION = YES;
				CLANG_WARN_INFINITE_RECURSION = YES;
				CLANG_WARN_INT_CONVERSION = YES;
				CLANG_WARN_NON_LITERAL_NULL_CONVERSION = YES;
				CLANG_WARN_OBJC_IMPLICIT_RETAIN_SELF = YES;
				CLANG_WARN_OBJC_LITERAL_CONVERSION = YES;
				CLANG_WARN_OBJC_ROOT_CLASS = YES_ERROR;
				CLANG_WARN_RANGE_LOOP_ANALYSIS = YES;
				CLANG_WARN_STRICT_PROTOTYPES = YES;
				CLANG_WARN_SUSPICIOUS_MOVE = YES;
				CLANG_WARN_UNGUARDED_AVAILABILITY = YES_AGGRESSIVE;
				CLANG_WARN_UNREACHABLE_CODE = YES;
				CLANG_WARN__DUPLICATE_METHOD_MATCH = YES;
				COPY_PHASE_STRIP = NO;
				DEBUG_INFORMATION_FORMAT = "dwarf-with-dsym";
				ENABLE_NS_ASSERTIONS = NO;
				ENABLE_STRICT_OBJC_MSGSEND = YES;
				GCC_C_LANGUAGE_STANDARD = gnu11;
				GCC_NO_COMMON_BLOCKS = YES;
				GCC_WARN_64_TO_32_BIT_CONVERSION = YES;
				GCC_WARN_ABOUT_RETURN_TYPE = YES_ERROR;
				GCC_WARN_UNDECLARED_SELECTOR = YES;
				GCC_WARN_UNINITIALIZED_AUTOS = YES_AGGRESSIVE;
				GCC_WARN_UNUSED_FUNCTION = YES;
				GCC_WARN_UNUSED_VARIABLE = YES;
				IPHONEOS_DEPLOYMENT_TARGET = 13.6;
				MTL_ENABLE_DEBUG_INFO = NO;
				MTL_FAST_MATH = YES;
				SDKROOT = iphoneos;
				SWIFT_COMPILATION_MODE = wholemodule;
				SWIFT_OPTIMIZATION_LEVEL = "-O";
				VALIDATE_PRODUCT = YES;
			};
			name = Release;
		};
		A33B879C24E00F25009AD1F9 /* Debug */ = {
			isa = XCBuildConfiguration;
			buildSettings = {
				ASSETCATALOG_COMPILER_APPICON_NAME = AppIcon;
				CODE_SIGN_STYLE = Automatic;
				DEVELOPMENT_TEAM = K5XPX6W5MN;
				INFOPLIST_FILE = memo_0809/Info.plist;
				LD_RUNPATH_SEARCH_PATHS = (
					"$(inherited)",
					"@executable_path/Frameworks",
				);
				PRODUCT_BUNDLE_IDENTIFIER = "com.memo-0809";
				PRODUCT_NAME = "$(TARGET_NAME)";
				SWIFT_VERSION = 5.0;
				TARGETED_DEVICE_FAMILY = "1,2";
			};
			name = Debug;
		};
		A33B879D24E00F25009AD1F9 /* Release */ = {
			isa = XCBuildConfiguration;
			buildSettings = {
				ASSETCATALOG_COMPILER_APPICON_NAME = AppIcon;
				CODE_SIGN_STYLE = Automatic;
				DEVELOPMENT_TEAM = K5XPX6W5MN;
				INFOPLIST_FILE = memo_0809/Info.plist;
				LD_RUNPATH_SEARCH_PATHS = (
					"$(inherited)",
					"@executable_path/Frameworks",
				);
				PRODUCT_BUNDLE_IDENTIFIER = "com.memo-0809";
				PRODUCT_NAME = "$(TARGET_NAME)";
				SWIFT_VERSION = 5.0;
				TARGETED_DEVICE_FAMILY = "1,2";
			};
			name = Release;
		};
/* End XCBuildConfiguration section */

/* Begin XCConfigurationList section */
		A33B878224E00F24009AD1F9 /* Build configuration list for PBXProject "memo_0809" */ = {
			isa = XCConfigurationList;
			buildConfigurations = (
				A33B879924E00F25009AD1F9 /* Debug */,
				A33B879A24E00F25009AD1F9 /* Release */,
			);
			defaultConfigurationIsVisible = 0;
			defaultConfigurationName = Release;
		};
		A33B879B24E00F25009AD1F9 /* Build configuration list for PBXNativeTarget "memo_0809" */ = {
			isa = XCConfigurationList;
			buildConfigurations = (
				A33B879C24E00F25009AD1F9 /* Debug */,
				A33B879D24E00F25009AD1F9 /* Release */,
			);
			defaultConfigurationIsVisible = 0;
			defaultConfigurationName = Release;
		};
/* End XCConfigurationList section */
	};
	rootObject = A33B877F24E00F24009AD1F9 /* Project object */;
}
